
Microsoft Visual Studio Solution File, Format Version 12.00
# Visual Studio 15
VisualStudioVersion = 15.0.28307.1000
MinimumVisualStudioVersion = 10.0.40219.1
Project("{FAE04EC0-301F-11D3-BF4B-00C04F79EFBC}") = "CarCompany", "CarCompany\CarCompany.csproj", "{4634DE6D-D40E-4498-B7B3-938216EB41E1}"
EndProject
Global
	GlobalSection(SolutionConfigurationPlatforms) = preSolution
		Debug|Any CPU = Debug|Any CPU
		Release|Any CPU = Release|Any CPU
	EndGlobalSection
	GlobalSection(ProjectConfigurationPlatforms) = postSolution
		{4634DE6D-D40E-4498-B7B3-938216EB41E1}.Debug|Any CPU.ActiveCfg = Debug|Any CPU
		{4634DE6D-D40E-4498-B7B3-938216EB41E1}.Debug|Any CPU.Build.0 = Debug|Any CPU
		{4634DE6D-D40E-4498-B7B3-938216EB41E1}.Release|Any CPU.ActiveCfg = Release|Any CPU
		{4634DE6D-D40E-4498-B7B3-938216EB41E1}.Release|Any CPU.Build.0 = Release|Any CPU
	EndGlobalSection
	GlobalSection(SolutionProperties) = preSolution
		HideSolutionNode = FALSE
	EndGlobalSection
	GlobalSection(ExtensibilityGlobals) = postSolution
		SolutionGuid = {B037DA38-EC54-4E8D-A05F-F81A183B08BD}
	EndGlobalSection
EndGlobal
